{
  "nodes": {
    "disko": {
      "inputs": {
        "nixpkgs": [
          "nixpkgs"
        ]
      },
      "locked": {
        "lastModified": 1751607816,
        "narHash": "sha256-5PtrwjqCIJ4DKQhzYdm8RFePBuwb+yTzjV52wWoGSt4=",
        "owner": "nix-community",
        "repo": "disko",
        "rev": "da6109c917b48abc1f76dd5c9bf3901c8c80f662",
        "type": "github"
      },
      "original": {
        "owner": "nix-community",
        "repo": "disko",
        "type": "github"
      }
    },
    "nixpkgs": {
      "locked": {
        "lastModified": 1751582995,
        "narHash": "sha256-u7ubvtxdTnFPpV27AHpgoKn7qHuE7sgWgza/1oj5nzA=",
        "owner": "NixOS",
        "repo": "nixpkgs",
        "rev": "7a732ed41ca0dd64b4b71b563ab9805a80a7d693",
        "type": "github"
      },
      "original": {
        "owner": "NixOS",
        "ref": "nixos-25.05",
        "repo": "nixpkgs",
        "type": "github"
      }
    },
    "root": {
      "inputs": {
        "disko": "disko",
        "nixpkgs": "nixpkgs"
      }
    }
  },
  "root": "root",
  "version": 7
}
